
Microsoft Visual Studio Solution File, Format Version 12.00
# Visual Studio 15
VisualStudioVersion = 15.0.26730.8
MinimumVisualStudioVersion = 10.0.40219.1
Project("{FAE04EC0-301F-11D3-BF4B-00C04F79EFBC}") = "DevelopmentTests", "DevelopmentTests\DevelopmentTests.csproj", "{0EB13862-5BA8-4DE7-A51A-2BA406FCD63E}"
EndProject
Project("{FAE04EC0-301F-11D3-BF4B-00C04F79EFBC}") = "SpreadsheetUtilities", "SpreadsheetUtilities\SpreadsheetUtilities.csproj", "{5A80FFB0-9C8E-416A-B642-1A932FB25DCF}"
EndProject
Global
	GlobalSection(SolutionConfigurationPlatforms) = preSolution
		Debug|Any CPU = Debug|Any CPU
		Release|Any CPU = Release|Any CPU
	EndGlobalSection
	GlobalSection(ProjectConfigurationPlatforms) = postSolution
		{0EB13862-5BA8-4DE7-A51A-2BA406FCD63E}.Debug|Any CPU.ActiveCfg = Debug|Any CPU
		{0EB13862-5BA8-4DE7-A51A-2BA406FCD63E}.Debug|Any CPU.Build.0 = Debug|Any CPU
		{0EB13862-5BA8-4DE7-A51A-2BA406FCD63E}.Release|Any CPU.ActiveCfg = Release|Any CPU
		{0EB13862-5BA8-4DE7-A51A-2BA406FCD63E}.Release|Any CPU.Build.0 = Release|Any CPU
		{5A80FFB0-9C8E-416A-B642-1A932FB25DCF}.Debug|Any CPU.ActiveCfg = Debug|Any CPU
		{5A80FFB0-9C8E-416A-B642-1A932FB25DCF}.Debug|Any CPU.Build.0 = Debug|Any CPU
		{5A80FFB0-9C8E-416A-B642-1A932FB25DCF}.Release|Any CPU.ActiveCfg = Release|Any CPU
		{5A80FFB0-9C8E-416A-B642-1A932FB25DCF}.Release|Any CPU.Build.0 = Release|Any CPU
	EndGlobalSection
	GlobalSection(SolutionProperties) = preSolution
		HideSolutionNode = FALSE
	EndGlobalSection
	GlobalSection(ExtensibilityGlobals) = postSolution
		SolutionGuid = {503164B8-2FC7-45F8-AEE6-5BB66677460F}
	EndGlobalSection
EndGlobal
